PODS:
  - SwiftKeychainWrapper (3.4.0)

DEPENDENCIES:
  - SwiftKeychainWrapper

SPEC REPOS:
  https://github.com/CocoaPods/Specs.git:
    - SwiftKeychainWrapper

SPEC CHECKSUMS:
  SwiftKeychainWrapper: 6fc49fbf7d4a6b0772917acb0e53a1639f6078d6

PODFILE CHECKSUM: cb97016506688a0314e3c52c306db0f5806b7854

COCOAPODS: 1.9.1
